
Microsoft Visual Studio Solution File, Format Version 12.00
# Visual Studio Version 17
VisualStudioVersion = 17.0.32112.339
MinimumVisualStudioVersion = 10.0.40219.1
Project("{8BC9CEB8-8B4A-11D0-8D11-00A0C91BC942}") = "OpenGLTestingProject", "OpenGLTestingProject\OpenGLTestingProject.vcxproj", "{22672745-7200-4535-BB06-56F17D94E675}"
EndProject
Global
	GlobalSection(SolutionConfigurationPlatforms) = preSolution
		Debug|x64 = Debug|x64
		Debug|x86 = Debug|x86
		Release|x64 = Release|x64
		Release|x86 = Release|x86
	EndGlobalSection
	GlobalSection(ProjectConfigurationPlatforms) = postSolution
		{22672745-7200-4535-BB06-56F17D94E675}.Debug|x64.ActiveCfg = Debug|x64
		{22672745-7200-4535-BB06-56F17D94E675}.Debug|x64.Build.0 = Debug|x64
		{22672745-7200-4535-BB06-56F17D94E675}.Debug|x86.ActiveCfg = Debug|Win32
		{22672745-7200-4535-BB06-56F17D94E675}.Debug|x86.Build.0 = Debug|Win32
		{22672745-7200-4535-BB06-56F17D94E675}.Release|x64.ActiveCfg = Release|x64
		{22672745-7200-4535-BB06-56F17D94E675}.Release|x64.Build.0 = Release|x64
		{22672745-7200-4535-BB06-56F17D94E675}.Release|x86.ActiveCfg = Release|Win32
		{22672745-7200-4535-BB06-56F17D94E675}.Release|x86.Build.0 = Release|Win32
	EndGlobalSection
	GlobalSection(SolutionProperties) = preSolution
		HideSolutionNode = FALSE
	EndGlobalSection
	GlobalSection(ExtensibilityGlobals) = postSolution
		SolutionGuid = {E36D44B6-E5A6-4B98-9798-990F1A69C356}
	EndGlobalSection
EndGlobal
